
Microsoft Visual Studio Solution File, Format Version 12.00
# Visual Studio Version 16
VisualStudioVersion = 16.0.30717.126
MinimumVisualStudioVersion = 10.0.40219.1
Project("{9A19103F-16F7-4668-BE54-9A1E7A4F7556}") = "Tamago_Shop", "Tamago_Shop\Tamago_Shop.csproj", "{A66B0AFD-FA47-4937-94AF-8A4AD7247D66}"
EndProject
Project("{9A19103F-16F7-4668-BE54-9A1E7A4F7556}") = "Tamago_Bank", "Tamago_Bank\Tamago_Bank.csproj", "{ADFFFC1A-9A02-4685-A418-9EDCA0B4E06C}"
EndProject
Project("{9A19103F-16F7-4668-BE54-9A1E7A4F7556}") = "Tamago_Inventory", "Tamago_Inventory\Tamago_Inventory.csproj", "{40BF6678-F028-4C94-9878-56972DE43E25}"
EndProject
Project("{9A19103F-16F7-4668-BE54-9A1E7A4F7556}") = "Shared", "Shared\Shared.csproj", "{AAF9C1E0-C033-499A-8BAE-3011F08FF27E}"
EndProject
Project("{2150E333-8FDC-42A3-9474-1A3956D46DE8}") = "Tests", "Tests", "{613155F7-D416-4DE0-898D-AC1CF1031C3D}"
EndProject
Project("{9A19103F-16F7-4668-BE54-9A1E7A4F7556}") = "Bank_Test", "Bank_Test\Bank_Test.csproj", "{F940B77D-221E-4B7B-B358-BB8B66E3C180}"
EndProject
Project("{9A19103F-16F7-4668-BE54-9A1E7A4F7556}") = "Inventory_Test", "Inventory_Test\Inventory_Test.csproj", "{2F5AC322-47F6-4696-8423-59662F363D97}"
EndProject
Project("{9A19103F-16F7-4668-BE54-9A1E7A4F7556}") = "Shop_Test", "Shop_Test\Shop_Test.csproj", "{00384476-C034-4AE4-86C2-B8D4A73E846D}"
EndProject
Project("{2150E333-8FDC-42A3-9474-1A3956D46DE8}") = "Extra", "Extra", "{610CD9C6-8B05-4C1D-AF8D-443CE8559220}"
EndProject
Project("{2150E333-8FDC-42A3-9474-1A3956D46DE8}") = "Api", "Api", "{FA67C4ED-68E0-4024-9EA6-C255C8082ABE}"
EndProject
Global
	GlobalSection(SolutionConfigurationPlatforms) = preSolution
		Debug|Any CPU = Debug|Any CPU
		Release|Any CPU = Release|Any CPU
	EndGlobalSection
	GlobalSection(ProjectConfigurationPlatforms) = postSolution
		{A66B0AFD-FA47-4937-94AF-8A4AD7247D66}.Debug|Any CPU.ActiveCfg = Debug|Any CPU
		{A66B0AFD-FA47-4937-94AF-8A4AD7247D66}.Debug|Any CPU.Build.0 = Debug|Any CPU
		{A66B0AFD-FA47-4937-94AF-8A4AD7247D66}.Release|Any CPU.ActiveCfg = Release|Any CPU
		{A66B0AFD-FA47-4937-94AF-8A4AD7247D66}.Release|Any CPU.Build.0 = Release|Any CPU
		{ADFFFC1A-9A02-4685-A418-9EDCA0B4E06C}.Debug|Any CPU.ActiveCfg = Debug|Any CPU
		{ADFFFC1A-9A02-4685-A418-9EDCA0B4E06C}.Debug|Any CPU.Build.0 = Debug|Any CPU
		{ADFFFC1A-9A02-4685-A418-9EDCA0B4E06C}.Release|Any CPU.ActiveCfg = Release|Any CPU
		{ADFFFC1A-9A02-4685-A418-9EDCA0B4E06C}.Release|Any CPU.Build.0 = Release|Any CPU
		{40BF6678-F028-4C94-9878-56972DE43E25}.Debug|Any CPU.ActiveCfg = Debug|Any CPU
		{40BF6678-F028-4C94-9878-56972DE43E25}.Debug|Any CPU.Build.0 = Debug|Any CPU
		{40BF6678-F028-4C94-9878-56972DE43E25}.Release|Any CPU.ActiveCfg = Release|Any CPU
		{40BF6678-F028-4C94-9878-56972DE43E25}.Release|Any CPU.Build.0 = Release|Any CPU
		{AAF9C1E0-C033-499A-8BAE-3011F08FF27E}.Debug|Any CPU.ActiveCfg = Debug|Any CPU
		{AAF9C1E0-C033-499A-8BAE-3011F08FF27E}.Debug|Any CPU.Build.0 = Debug|Any CPU
		{AAF9C1E0-C033-499A-8BAE-3011F08FF27E}.Release|Any CPU.ActiveCfg = Release|Any CPU
		{AAF9C1E0-C033-499A-8BAE-3011F08FF27E}.Release|Any CPU.Build.0 = Release|Any CPU
		{F940B77D-221E-4B7B-B358-BB8B66E3C180}.Debug|Any CPU.ActiveCfg = Debug|Any CPU
		{F940B77D-221E-4B7B-B358-BB8B66E3C180}.Debug|Any CPU.Build.0 = Debug|Any CPU
		{F940B77D-221E-4B7B-B358-BB8B66E3C180}.Release|Any CPU.ActiveCfg = Release|Any CPU
		{F940B77D-221E-4B7B-B358-BB8B66E3C180}.Release|Any CPU.Build.0 = Release|Any CPU
		{2F5AC322-47F6-4696-8423-59662F363D97}.Debug|Any CPU.ActiveCfg = Debug|Any CPU
		{2F5AC322-47F6-4696-8423-59662F363D97}.Debug|Any CPU.Build.0 = Debug|Any CPU
		{2F5AC322-47F6-4696-8423-59662F363D97}.Release|Any CPU.ActiveCfg = Release|Any CPU
		{2F5AC322-47F6-4696-8423-59662F363D97}.Release|Any CPU.Build.0 = Release|Any CPU
		{00384476-C034-4AE4-86C2-B8D4A73E846D}.Debug|Any CPU.ActiveCfg = Debug|Any CPU
		{00384476-C034-4AE4-86C2-B8D4A73E846D}.Debug|Any CPU.Build.0 = Debug|Any CPU
		{00384476-C034-4AE4-86C2-B8D4A73E846D}.Release|Any CPU.ActiveCfg = Release|Any CPU
		{00384476-C034-4AE4-86C2-B8D4A73E846D}.Release|Any CPU.Build.0 = Release|Any CPU
	EndGlobalSection
	GlobalSection(SolutionProperties) = preSolution
		HideSolutionNode = FALSE
	EndGlobalSection
	GlobalSection(NestedProjects) = preSolution
		{A66B0AFD-FA47-4937-94AF-8A4AD7247D66} = {FA67C4ED-68E0-4024-9EA6-C255C8082ABE}
		{ADFFFC1A-9A02-4685-A418-9EDCA0B4E06C} = {FA67C4ED-68E0-4024-9EA6-C255C8082ABE}
		{40BF6678-F028-4C94-9878-56972DE43E25} = {FA67C4ED-68E0-4024-9EA6-C255C8082ABE}
		{AAF9C1E0-C033-499A-8BAE-3011F08FF27E} = {610CD9C6-8B05-4C1D-AF8D-443CE8559220}
		{F940B77D-221E-4B7B-B358-BB8B66E3C180} = {613155F7-D416-4DE0-898D-AC1CF1031C3D}
		{2F5AC322-47F6-4696-8423-59662F363D97} = {613155F7-D416-4DE0-898D-AC1CF1031C3D}
		{00384476-C034-4AE4-86C2-B8D4A73E846D} = {613155F7-D416-4DE0-898D-AC1CF1031C3D}
	EndGlobalSection
	GlobalSection(ExtensibilityGlobals) = postSolution
		SolutionGuid = {88BB1B45-AFB9-4795-887C-4F1173C9E19F}
	EndGlobalSection
EndGlobal
