
Microsoft Visual Studio Solution File, Format Version 12.00
# Visual Studio Version 16
VisualStudioVersion = 16.0.30128.74
MinimumVisualStudioVersion = 10.0.40219.1
Project("{9A19103F-16F7-4668-BE54-9A1E7A4F7556}") = "APIGateWay", "APIGateWay\APIGateWay.csproj", "{F7643DC1-1B79-4924-90D4-CC278D99E02A}"
EndProject
Project("{2150E333-8FDC-42A3-9474-1A3956D46DE8}") = "Services", "Services", "{6AA3AD8D-C027-4BA1-8EFA-5329F88C3D7D}"
EndProject
Project("{2150E333-8FDC-42A3-9474-1A3956D46DE8}") = "Test", "Test", "{FE18146B-AF5E-4F3F-955D-0F24DC2943C3}"
EndProject
Project("{9A19103F-16F7-4668-BE54-9A1E7A4F7556}") = "TamagotchiUserAPI", "TamagotchiUserAPI\TamagotchiUserAPI.csproj", "{7EEB3C8F-152F-403B-BF1B-4FC69D56DFD6}"
EndProject
Project("{9A19103F-16F7-4668-BE54-9A1E7A4F7556}") = "TamagotchiAnimalAPI", "TamagotchiAnimalAPI\TamagotchiAnimalAPI.csproj", "{5F70438C-D84A-4501-B1EA-D945FAB90A28}"
EndProject
Project("{2150E333-8FDC-42A3-9474-1A3956D46DE8}") = "Core", "Core", "{B438C19D-8BBD-44C7-BDAD-780805D879D4}"
EndProject
Project("{9A19103F-16F7-4668-BE54-9A1E7A4F7556}") = "Shared", "Shared\Shared.csproj", "{FD73B9C7-CC38-477A-A66B-356745E0B175}"
EndProject
Project("{FAE04EC0-301F-11D3-BF4B-00C04F79EFBC}") = "UserAPITests", "UserAPITests\UserAPITests.csproj", "{72EA8E8F-FEBB-4FCC-BB74-321DCAB7D9A1}"
EndProject
Project("{FAE04EC0-301F-11D3-BF4B-00C04F79EFBC}") = "AnimalAPITests", "AnimalAPITests\AnimalAPITests.csproj", "{53721727-026E-4AE7-B60D-AE56F35C6871}"
EndProject
Project("{FAE04EC0-301F-11D3-BF4B-00C04F79EFBC}") = "GateWayAPITests", "GateWayAPITests\GateWayAPITests.csproj", "{CC6D08CB-B3EA-477B-B9D6-D4660250B5E1}"
EndProject
Project("{FAE04EC0-301F-11D3-BF4B-00C04F79EFBC}") = "SharedTests", "SharedTests\SharedTests.csproj", "{35FE0EA2-6824-41BF-889B-BD136FC223BD}"
EndProject
Global
	GlobalSection(SolutionConfigurationPlatforms) = preSolution
		Debug|Any CPU = Debug|Any CPU
		Release|Any CPU = Release|Any CPU
	EndGlobalSection
	GlobalSection(ProjectConfigurationPlatforms) = postSolution
		{F7643DC1-1B79-4924-90D4-CC278D99E02A}.Debug|Any CPU.ActiveCfg = Debug|Any CPU
		{F7643DC1-1B79-4924-90D4-CC278D99E02A}.Debug|Any CPU.Build.0 = Debug|Any CPU
		{F7643DC1-1B79-4924-90D4-CC278D99E02A}.Release|Any CPU.ActiveCfg = Release|Any CPU
		{F7643DC1-1B79-4924-90D4-CC278D99E02A}.Release|Any CPU.Build.0 = Release|Any CPU
		{7EEB3C8F-152F-403B-BF1B-4FC69D56DFD6}.Debug|Any CPU.ActiveCfg = Debug|Any CPU
		{7EEB3C8F-152F-403B-BF1B-4FC69D56DFD6}.Debug|Any CPU.Build.0 = Debug|Any CPU
		{7EEB3C8F-152F-403B-BF1B-4FC69D56DFD6}.Release|Any CPU.ActiveCfg = Release|Any CPU
		{7EEB3C8F-152F-403B-BF1B-4FC69D56DFD6}.Release|Any CPU.Build.0 = Release|Any CPU
		{5F70438C-D84A-4501-B1EA-D945FAB90A28}.Debug|Any CPU.ActiveCfg = Debug|Any CPU
		{5F70438C-D84A-4501-B1EA-D945FAB90A28}.Debug|Any CPU.Build.0 = Debug|Any CPU
		{5F70438C-D84A-4501-B1EA-D945FAB90A28}.Release|Any CPU.ActiveCfg = Release|Any CPU
		{5F70438C-D84A-4501-B1EA-D945FAB90A28}.Release|Any CPU.Build.0 = Release|Any CPU
		{FD73B9C7-CC38-477A-A66B-356745E0B175}.Debug|Any CPU.ActiveCfg = Debug|Any CPU
		{FD73B9C7-CC38-477A-A66B-356745E0B175}.Debug|Any CPU.Build.0 = Debug|Any CPU
		{FD73B9C7-CC38-477A-A66B-356745E0B175}.Release|Any CPU.ActiveCfg = Release|Any CPU
		{FD73B9C7-CC38-477A-A66B-356745E0B175}.Release|Any CPU.Build.0 = Release|Any CPU
		{72EA8E8F-FEBB-4FCC-BB74-321DCAB7D9A1}.Debug|Any CPU.ActiveCfg = Debug|Any CPU
		{72EA8E8F-FEBB-4FCC-BB74-321DCAB7D9A1}.Debug|Any CPU.Build.0 = Debug|Any CPU
		{72EA8E8F-FEBB-4FCC-BB74-321DCAB7D9A1}.Release|Any CPU.ActiveCfg = Release|Any CPU
		{72EA8E8F-FEBB-4FCC-BB74-321DCAB7D9A1}.Release|Any CPU.Build.0 = Release|Any CPU
		{53721727-026E-4AE7-B60D-AE56F35C6871}.Debug|Any CPU.ActiveCfg = Debug|Any CPU
		{53721727-026E-4AE7-B60D-AE56F35C6871}.Debug|Any CPU.Build.0 = Debug|Any CPU
		{53721727-026E-4AE7-B60D-AE56F35C6871}.Release|Any CPU.ActiveCfg = Release|Any CPU
		{53721727-026E-4AE7-B60D-AE56F35C6871}.Release|Any CPU.Build.0 = Release|Any CPU
		{CC6D08CB-B3EA-477B-B9D6-D4660250B5E1}.Debug|Any CPU.ActiveCfg = Debug|Any CPU
		{CC6D08CB-B3EA-477B-B9D6-D4660250B5E1}.Debug|Any CPU.Build.0 = Debug|Any CPU
		{CC6D08CB-B3EA-477B-B9D6-D4660250B5E1}.Release|Any CPU.ActiveCfg = Release|Any CPU
		{CC6D08CB-B3EA-477B-B9D6-D4660250B5E1}.Release|Any CPU.Build.0 = Release|Any CPU
		{35FE0EA2-6824-41BF-889B-BD136FC223BD}.Debug|Any CPU.ActiveCfg = Debug|Any CPU
		{35FE0EA2-6824-41BF-889B-BD136FC223BD}.Debug|Any CPU.Build.0 = Debug|Any CPU
		{35FE0EA2-6824-41BF-889B-BD136FC223BD}.Release|Any CPU.ActiveCfg = Release|Any CPU
		{35FE0EA2-6824-41BF-889B-BD136FC223BD}.Release|Any CPU.Build.0 = Release|Any CPU
	EndGlobalSection
	GlobalSection(SolutionProperties) = preSolution
		HideSolutionNode = FALSE
	EndGlobalSection
	GlobalSection(NestedProjects) = preSolution
		{7EEB3C8F-152F-403B-BF1B-4FC69D56DFD6} = {6AA3AD8D-C027-4BA1-8EFA-5329F88C3D7D}
		{5F70438C-D84A-4501-B1EA-D945FAB90A28} = {6AA3AD8D-C027-4BA1-8EFA-5329F88C3D7D}
		{FD73B9C7-CC38-477A-A66B-356745E0B175} = {B438C19D-8BBD-44C7-BDAD-780805D879D4}
		{72EA8E8F-FEBB-4FCC-BB74-321DCAB7D9A1} = {FE18146B-AF5E-4F3F-955D-0F24DC2943C3}
		{53721727-026E-4AE7-B60D-AE56F35C6871} = {FE18146B-AF5E-4F3F-955D-0F24DC2943C3}
		{CC6D08CB-B3EA-477B-B9D6-D4660250B5E1} = {FE18146B-AF5E-4F3F-955D-0F24DC2943C3}
		{35FE0EA2-6824-41BF-889B-BD136FC223BD} = {FE18146B-AF5E-4F3F-955D-0F24DC2943C3}
	EndGlobalSection
	GlobalSection(ExtensibilityGlobals) = postSolution
		SolutionGuid = {D7DDF85C-78A7-42D9-A19A-DCD39B09842C}
	EndGlobalSection
EndGlobal
